
Microsoft Visual Studio Solution File, Format Version 12.00
# Visual Studio Version 17
VisualStudioVersion = 17.4.32916.344
MinimumVisualStudioVersion = 10.0.40219.1
Project("{9A19103F-16F7-4668-BE54-9A1E7A4F7556}") = "AirQualityCommandBot", "AirQualityCommandBot\AirQualityCommandBot.csproj", "{1FAEFBEF-F239-46EA-A577-FF8129598B1C}"
EndProject
Project("{9A19103F-16F7-4668-BE54-9A1E7A4F7556}") = "AirQualityApp.Shared", "..\..\AirQualityApp.Shared\AirQualityApp.Shared\AirQualityApp.Shared.csproj", "{6D602EFB-25D8-4B8E-9377-4C63FF736D32}"
EndProject
Global
	GlobalSection(SolutionConfigurationPlatforms) = preSolution
		Debug|Any CPU = Debug|Any CPU
		Release|Any CPU = Release|Any CPU
	EndGlobalSection
	GlobalSection(ProjectConfigurationPlatforms) = postSolution
		{1FAEFBEF-F239-46EA-A577-FF8129598B1C}.Debug|Any CPU.ActiveCfg = Debug|Any CPU
		{1FAEFBEF-F239-46EA-A577-FF8129598B1C}.Debug|Any CPU.Build.0 = Debug|Any CPU
		{1FAEFBEF-F239-46EA-A577-FF8129598B1C}.Debug|Any CPU.Deploy.0 = Debug|Any CPU
		{1FAEFBEF-F239-46EA-A577-FF8129598B1C}.Release|Any CPU.ActiveCfg = Release|Any CPU
		{1FAEFBEF-F239-46EA-A577-FF8129598B1C}.Release|Any CPU.Build.0 = Release|Any CPU
		{1FAEFBEF-F239-46EA-A577-FF8129598B1C}.Release|Any CPU.Deploy.0 = Release|Any CPU
		{6D602EFB-25D8-4B8E-9377-4C63FF736D32}.Debug|Any CPU.ActiveCfg = Debug|Any CPU
		{6D602EFB-25D8-4B8E-9377-4C63FF736D32}.Debug|Any CPU.Build.0 = Debug|Any CPU
		{6D602EFB-25D8-4B8E-9377-4C63FF736D32}.Release|Any CPU.ActiveCfg = Release|Any CPU
		{6D602EFB-25D8-4B8E-9377-4C63FF736D32}.Release|Any CPU.Build.0 = Release|Any CPU
	EndGlobalSection
	GlobalSection(SolutionProperties) = preSolution
		HideSolutionNode = FALSE
	EndGlobalSection
	GlobalSection(ExtensibilityGlobals) = postSolution
		SolutionGuid = {A9E4FB9B-6F83-4A50-99FE-F21DDDDABC25}
	EndGlobalSection
EndGlobal
