
Microsoft Visual Studio Solution File, Format Version 12.00
# Visual Studio Version 17
VisualStudioVersion = 17.4.32916.344
MinimumVisualStudioVersion = 10.0.40219.1
Project("{FAE04EC0-301F-11D3-BF4B-00C04F79EFBC}") = "AirQualityFunctions", "AirQualityFunctions\AirQualityFunctions.csproj", "{6A2A38FE-F031-489E-8CDA-69285FCB692F}"
EndProject
Global
	GlobalSection(SolutionConfigurationPlatforms) = preSolution
		Debug|Any CPU = Debug|Any CPU
		Release|Any CPU = Release|Any CPU
	EndGlobalSection
	GlobalSection(ProjectConfigurationPlatforms) = postSolution
		{6A2A38FE-F031-489E-8CDA-69285FCB692F}.Debug|Any CPU.ActiveCfg = Debug|Any CPU
		{6A2A38FE-F031-489E-8CDA-69285FCB692F}.Debug|Any CPU.Build.0 = Debug|Any CPU
		{6A2A38FE-F031-489E-8CDA-69285FCB692F}.Release|Any CPU.ActiveCfg = Release|Any CPU
		{6A2A38FE-F031-489E-8CDA-69285FCB692F}.Release|Any CPU.Build.0 = Release|Any CPU
	EndGlobalSection
	GlobalSection(SolutionProperties) = preSolution
		HideSolutionNode = FALSE
	EndGlobalSection
	GlobalSection(ExtensibilityGlobals) = postSolution
		SolutionGuid = {F3E062D1-8225-4A7B-970C-BB4B52906DB5}
	EndGlobalSection
EndGlobal
