
Microsoft Visual Studio Solution File, Format Version 12.00
# Visual Studio Version 17
VisualStudioVersion = 17.0.31611.283
MinimumVisualStudioVersion = 10.0.40219.1
Project("{9A19103F-16F7-4668-BE54-9A1E7A4F7556}") = "AirQualityMaui", "AirQualityMaui\AirQualityMaui.csproj", "{8E450157-EB05-42A0-83D0-21C8E5796BCD}"
EndProject
Project("{2150E333-8FDC-42A3-9474-1A3956D46DE8}") = "Shared", "Shared", "{48030F6B-B516-4567-9EA2-B4701EB97652}"
EndProject
Project("{9A19103F-16F7-4668-BE54-9A1E7A4F7556}") = "AirQualityApp.Shared", "..\AirQualityApp.Shared\AirQualityApp.Shared\AirQualityApp.Shared.csproj", "{D46FBE32-0AC9-4F78-80E9-C2D479C5B2E7}"
EndProject
Global
	GlobalSection(SolutionConfigurationPlatforms) = preSolution
		Debug|Any CPU = Debug|Any CPU
		Release|Any CPU = Release|Any CPU
	EndGlobalSection
	GlobalSection(ProjectConfigurationPlatforms) = postSolution
		{8E450157-EB05-42A0-83D0-21C8E5796BCD}.Debug|Any CPU.ActiveCfg = Debug|Any CPU
		{8E450157-EB05-42A0-83D0-21C8E5796BCD}.Debug|Any CPU.Build.0 = Debug|Any CPU
		{8E450157-EB05-42A0-83D0-21C8E5796BCD}.Debug|Any CPU.Deploy.0 = Debug|Any CPU
		{8E450157-EB05-42A0-83D0-21C8E5796BCD}.Release|Any CPU.ActiveCfg = Release|Any CPU
		{8E450157-EB05-42A0-83D0-21C8E5796BCD}.Release|Any CPU.Build.0 = Release|Any CPU
		{8E450157-EB05-42A0-83D0-21C8E5796BCD}.Release|Any CPU.Deploy.0 = Release|Any CPU
		{D46FBE32-0AC9-4F78-80E9-C2D479C5B2E7}.Debug|Any CPU.ActiveCfg = Debug|Any CPU
		{D46FBE32-0AC9-4F78-80E9-C2D479C5B2E7}.Debug|Any CPU.Build.0 = Debug|Any CPU
		{D46FBE32-0AC9-4F78-80E9-C2D479C5B2E7}.Release|Any CPU.ActiveCfg = Release|Any CPU
		{D46FBE32-0AC9-4F78-80E9-C2D479C5B2E7}.Release|Any CPU.Build.0 = Release|Any CPU
	EndGlobalSection
	GlobalSection(SolutionProperties) = preSolution
		HideSolutionNode = FALSE
	EndGlobalSection
	GlobalSection(NestedProjects) = preSolution
		{D46FBE32-0AC9-4F78-80E9-C2D479C5B2E7} = {48030F6B-B516-4567-9EA2-B4701EB97652}
	EndGlobalSection
	GlobalSection(ExtensibilityGlobals) = postSolution
		SolutionGuid = {61F7FB11-1E47-470C-91E2-47F8143E1572}
	EndGlobalSection
EndGlobal
