
Microsoft Visual Studio Solution File, Format Version 12.00
# Visual Studio Version 17
VisualStudioVersion = 17.4.32916.344
MinimumVisualStudioVersion = 10.0.40219.1
Project("{9A19103F-16F7-4668-BE54-9A1E7A4F7556}") = "AirQualityWeb", "AirQualityWeb\AirQualityWeb.csproj", "{4869288F-CB86-419B-B9F0-0B64BCA22734}"
EndProject
Project("{9A19103F-16F7-4668-BE54-9A1E7A4F7556}") = "AirQualityApp.Shared", "..\..\AirQualityApp.Shared\AirQualityApp.Shared\AirQualityApp.Shared.csproj", "{0D95DA06-FD1E-4B22-9201-F3253F3148B5}"
EndProject
Project("{9A19103F-16F7-4668-BE54-9A1E7A4F7556}") = "AirQualityWeb.SharedComponents", "..\..\AirQualityWeb.SharedComponents\AirQualityWeb.SharedComponents.csproj", "{3E8A5808-396C-4901-BF28-2BDA50E549F0}"
EndProject
Project("{2150E333-8FDC-42A3-9474-1A3956D46DE8}") = "Shared", "Shared", "{523C8F98-12F8-4694-8E4A-55E9C5AD17CE}"
EndProject
Project("{9A19103F-16F7-4668-BE54-9A1E7A4F7556}") = "AirQualityFunctions", "..\..\AirQualityFunctions\AirQualityFunctions\AirQualityFunctions.csproj", "{22FBB22E-92D7-4EA4-86AC-46594FA3917E}"
EndProject
Global
	GlobalSection(SolutionConfigurationPlatforms) = preSolution
		Debug|Any CPU = Debug|Any CPU
		Release|Any CPU = Release|Any CPU
	EndGlobalSection
	GlobalSection(ProjectConfigurationPlatforms) = postSolution
		{4869288F-CB86-419B-B9F0-0B64BCA22734}.Debug|Any CPU.ActiveCfg = Debug|Any CPU
		{4869288F-CB86-419B-B9F0-0B64BCA22734}.Debug|Any CPU.Build.0 = Debug|Any CPU
		{4869288F-CB86-419B-B9F0-0B64BCA22734}.Release|Any CPU.ActiveCfg = Release|Any CPU
		{4869288F-CB86-419B-B9F0-0B64BCA22734}.Release|Any CPU.Build.0 = Release|Any CPU
		{0D95DA06-FD1E-4B22-9201-F3253F3148B5}.Debug|Any CPU.ActiveCfg = Debug|Any CPU
		{0D95DA06-FD1E-4B22-9201-F3253F3148B5}.Debug|Any CPU.Build.0 = Debug|Any CPU
		{0D95DA06-FD1E-4B22-9201-F3253F3148B5}.Release|Any CPU.ActiveCfg = Release|Any CPU
		{0D95DA06-FD1E-4B22-9201-F3253F3148B5}.Release|Any CPU.Build.0 = Release|Any CPU
		{3E8A5808-396C-4901-BF28-2BDA50E549F0}.Debug|Any CPU.ActiveCfg = Debug|Any CPU
		{3E8A5808-396C-4901-BF28-2BDA50E549F0}.Debug|Any CPU.Build.0 = Debug|Any CPU
		{3E8A5808-396C-4901-BF28-2BDA50E549F0}.Release|Any CPU.ActiveCfg = Release|Any CPU
		{3E8A5808-396C-4901-BF28-2BDA50E549F0}.Release|Any CPU.Build.0 = Release|Any CPU
		{22FBB22E-92D7-4EA4-86AC-46594FA3917E}.Debug|Any CPU.ActiveCfg = Debug|Any CPU
		{22FBB22E-92D7-4EA4-86AC-46594FA3917E}.Debug|Any CPU.Build.0 = Debug|Any CPU
		{22FBB22E-92D7-4EA4-86AC-46594FA3917E}.Release|Any CPU.ActiveCfg = Release|Any CPU
		{22FBB22E-92D7-4EA4-86AC-46594FA3917E}.Release|Any CPU.Build.0 = Release|Any CPU
	EndGlobalSection
	GlobalSection(SolutionProperties) = preSolution
		HideSolutionNode = FALSE
	EndGlobalSection
	GlobalSection(NestedProjects) = preSolution
		{0D95DA06-FD1E-4B22-9201-F3253F3148B5} = {523C8F98-12F8-4694-8E4A-55E9C5AD17CE}
		{3E8A5808-396C-4901-BF28-2BDA50E549F0} = {523C8F98-12F8-4694-8E4A-55E9C5AD17CE}
	EndGlobalSection
	GlobalSection(ExtensibilityGlobals) = postSolution
		SolutionGuid = {F5C72BED-21A9-43B2-A9D1-259B832F5B4C}
	EndGlobalSection
EndGlobal
