
Microsoft Visual Studio Solution File, Format Version 12.00
# Visual Studio Version 17
VisualStudioVersion = 17.4.32916.344
MinimumVisualStudioVersion = 10.0.40219.1
Project("{FAE04EC0-301F-11D3-BF4B-00C04F79EFBC}") = "AirQualityWeb", "AirQualityWeb\AirQualityWeb.csproj", "{4869288F-CB86-419B-B9F0-0B64BCA22734}"
EndProject
Global
	GlobalSection(SolutionConfigurationPlatforms) = preSolution
		Debug|Any CPU = Debug|Any CPU
		Release|Any CPU = Release|Any CPU
	EndGlobalSection
	GlobalSection(ProjectConfigurationPlatforms) = postSolution
		{4869288F-CB86-419B-B9F0-0B64BCA22734}.Debug|Any CPU.ActiveCfg = Debug|Any CPU
		{4869288F-CB86-419B-B9F0-0B64BCA22734}.Debug|Any CPU.Build.0 = Debug|Any CPU
		{4869288F-CB86-419B-B9F0-0B64BCA22734}.Release|Any CPU.ActiveCfg = Release|Any CPU
		{4869288F-CB86-419B-B9F0-0B64BCA22734}.Release|Any CPU.Build.0 = Release|Any CPU
	EndGlobalSection
	GlobalSection(SolutionProperties) = preSolution
		HideSolutionNode = FALSE
	EndGlobalSection
	GlobalSection(ExtensibilityGlobals) = postSolution
		SolutionGuid = {F5C72BED-21A9-43B2-A9D1-259B832F5B4C}
	EndGlobalSection
EndGlobal
